
Microsoft Visual Studio Solution File, Format Version 12.00
# Visual Studio Version 16
VisualStudioVersion = 16.0.28407.52
MinimumVisualStudioVersion = 10.0.40219.1
Project("{FAE04EC0-301F-11D3-BF4B-00C04F79EFBC}") = "SelectionStatements", "SelectionStatements\SelectionStatements.csproj", "{E165EDDE-5A7B-4207-99C4-E6A34C998602}"
EndProject
Global
	GlobalSection(SolutionConfigurationPlatforms) = preSolution
		Debug|Any CPU = Debug|Any CPU
		Release|Any CPU = Release|Any CPU
	EndGlobalSection
	GlobalSection(ProjectConfigurationPlatforms) = postSolution
		{E165EDDE-5A7B-4207-99C4-E6A34C998602}.Debug|Any CPU.ActiveCfg = Debug|Any CPU
		{E165EDDE-5A7B-4207-99C4-E6A34C998602}.Debug|Any CPU.Build.0 = Debug|Any CPU
		{E165EDDE-5A7B-4207-99C4-E6A34C998602}.Release|Any CPU.ActiveCfg = Release|Any CPU
		{E165EDDE-5A7B-4207-99C4-E6A34C998602}.Release|Any CPU.Build.0 = Release|Any CPU
	EndGlobalSection
	GlobalSection(SolutionProperties) = preSolution
		HideSolutionNode = FALSE
	EndGlobalSection
	GlobalSection(ExtensibilityGlobals) = postSolution
		SolutionGuid = {61B881AD-ECC9-4420-94DC-2DDB45B26DC2}
	EndGlobalSection
EndGlobal
