
Microsoft Visual Studio Solution File, Format Version 12.00
# Visual Studio Version 16
VisualStudioVersion = 16.0.28407.52
MinimumVisualStudioVersion = 10.0.40219.1
Project("{FAE04EC0-301F-11D3-BF4B-00C04F79EFBC}") = "GenericsDemoApp", "GenericsDemoApp\GenericsDemoApp.csproj", "{0518BF2F-C1C0-462B-B628-5A0613B2A9A7}"
EndProject
Global
	GlobalSection(SolutionConfigurationPlatforms) = preSolution
		Debug|Any CPU = Debug|Any CPU
		Release|Any CPU = Release|Any CPU
	EndGlobalSection
	GlobalSection(ProjectConfigurationPlatforms) = postSolution
		{0518BF2F-C1C0-462B-B628-5A0613B2A9A7}.Debug|Any CPU.ActiveCfg = Debug|Any CPU
		{0518BF2F-C1C0-462B-B628-5A0613B2A9A7}.Debug|Any CPU.Build.0 = Debug|Any CPU
		{0518BF2F-C1C0-462B-B628-5A0613B2A9A7}.Release|Any CPU.ActiveCfg = Release|Any CPU
		{0518BF2F-C1C0-462B-B628-5A0613B2A9A7}.Release|Any CPU.Build.0 = Release|Any CPU
	EndGlobalSection
	GlobalSection(SolutionProperties) = preSolution
		HideSolutionNode = FALSE
	EndGlobalSection
	GlobalSection(ExtensibilityGlobals) = postSolution
		SolutionGuid = {8CF5E337-92CB-4FA0-9690-EFD5AA2F3859}
	EndGlobalSection
EndGlobal
