
Microsoft Visual Studio Solution File, Format Version 12.00
# Visual Studio Version 16
VisualStudioVersion = 16.0.28407.52
MinimumVisualStudioVersion = 10.0.40219.1
Project("{FAE04EC0-301F-11D3-BF4B-00C04F79EFBC}") = "EventsDemoApp", "EventsDemoApp\EventsDemoApp.csproj", "{724AAB5B-0ED0-4985-B24F-44C66D225627}"
EndProject
Global
	GlobalSection(SolutionConfigurationPlatforms) = preSolution
		Debug|Any CPU = Debug|Any CPU
		Release|Any CPU = Release|Any CPU
	EndGlobalSection
	GlobalSection(ProjectConfigurationPlatforms) = postSolution
		{724AAB5B-0ED0-4985-B24F-44C66D225627}.Debug|Any CPU.ActiveCfg = Debug|Any CPU
		{724AAB5B-0ED0-4985-B24F-44C66D225627}.Debug|Any CPU.Build.0 = Debug|Any CPU
		{724AAB5B-0ED0-4985-B24F-44C66D225627}.Release|Any CPU.ActiveCfg = Release|Any CPU
		{724AAB5B-0ED0-4985-B24F-44C66D225627}.Release|Any CPU.Build.0 = Release|Any CPU
	EndGlobalSection
	GlobalSection(SolutionProperties) = preSolution
		HideSolutionNode = FALSE
	EndGlobalSection
	GlobalSection(ExtensibilityGlobals) = postSolution
		SolutionGuid = {A25D8375-E3EF-4941-9C22-A17BE885C569}
	EndGlobalSection
EndGlobal
